
Microsoft Visual Studio Solution File, Format Version 12.00
# Visual Studio Version 17
VisualStudioVersion = 17.3.32929.385
MinimumVisualStudioVersion = 10.0.40219.1
Project("{9A19103F-16F7-4668-BE54-9A1E7A4F7556}") = "TuviSRPLibTests", "TuviSRPLibTests\TuviSRPLibTests.csproj", "{30445BA6-0713-4F7A-A1C1-54054CAE7862}"
EndProject
Project("{9A19103F-16F7-4668-BE54-9A1E7A4F7556}") = "ProtonBase64Lib", "ProtonBase64Lib\ProtonBase64Lib.csproj", "{82901AE7-1A73-4D76-9915-B1A8126A4714}"
EndProject
Project("{9A19103F-16F7-4668-BE54-9A1E7A4F7556}") = "Sample", "Sample\Sample.csproj", "{94B01092-988C-403A-8EA8-4A0DD6EFA02A}"
EndProject
Project("{FAE04EC0-301F-11D3-BF4B-00C04F79EFBC}") = "TuviSRPLib", "TuviSRPLib\TuviSRPLib.csproj", "{8140C53B-0093-41C3-91DF-0BD5D471FE08}"
EndProject
Global
	GlobalSection(SolutionConfigurationPlatforms) = preSolution
		Debug|Any CPU = Debug|Any CPU
		Release|Any CPU = Release|Any CPU
	EndGlobalSection
	GlobalSection(ProjectConfigurationPlatforms) = postSolution
		{30445BA6-0713-4F7A-A1C1-54054CAE7862}.Debug|Any CPU.ActiveCfg = Debug|Any CPU
		{30445BA6-0713-4F7A-A1C1-54054CAE7862}.Debug|Any CPU.Build.0 = Debug|Any CPU
		{30445BA6-0713-4F7A-A1C1-54054CAE7862}.Release|Any CPU.ActiveCfg = Release|Any CPU
		{30445BA6-0713-4F7A-A1C1-54054CAE7862}.Release|Any CPU.Build.0 = Release|Any CPU
		{82901AE7-1A73-4D76-9915-B1A8126A4714}.Debug|Any CPU.ActiveCfg = Debug|Any CPU
		{82901AE7-1A73-4D76-9915-B1A8126A4714}.Debug|Any CPU.Build.0 = Debug|Any CPU
		{82901AE7-1A73-4D76-9915-B1A8126A4714}.Release|Any CPU.ActiveCfg = Release|Any CPU
		{82901AE7-1A73-4D76-9915-B1A8126A4714}.Release|Any CPU.Build.0 = Release|Any CPU
		{94B01092-988C-403A-8EA8-4A0DD6EFA02A}.Debug|Any CPU.ActiveCfg = Debug|Any CPU
		{94B01092-988C-403A-8EA8-4A0DD6EFA02A}.Debug|Any CPU.Build.0 = Debug|Any CPU
		{94B01092-988C-403A-8EA8-4A0DD6EFA02A}.Release|Any CPU.ActiveCfg = Release|Any CPU
		{94B01092-988C-403A-8EA8-4A0DD6EFA02A}.Release|Any CPU.Build.0 = Release|Any CPU
		{8140C53B-0093-41C3-91DF-0BD5D471FE08}.Debug|Any CPU.ActiveCfg = Debug|Any CPU
		{8140C53B-0093-41C3-91DF-0BD5D471FE08}.Debug|Any CPU.Build.0 = Debug|Any CPU
		{8140C53B-0093-41C3-91DF-0BD5D471FE08}.Release|Any CPU.ActiveCfg = Release|Any CPU
		{8140C53B-0093-41C3-91DF-0BD5D471FE08}.Release|Any CPU.Build.0 = Release|Any CPU
	EndGlobalSection
	GlobalSection(SolutionProperties) = preSolution
		HideSolutionNode = FALSE
	EndGlobalSection
	GlobalSection(ExtensibilityGlobals) = postSolution
		SolutionGuid = {A4537831-3EF1-478D-9124-D7EA4D56BA9C}
	EndGlobalSection
EndGlobal
